
Microsoft Visual Studio Solution File, Format Version 12.00
# Visual Studio Version 16
VisualStudioVersion = 16.0.33423.256
MinimumVisualStudioVersion = 10.0.40219.1
Project("{6870E480-7721-4708-BFB8-9AE898AA21B3}") = "Premium Dataset SSDT", "Premium Dataset SSDT\Premium Dataset SSDT.smproj", "{8CE414BB-95B2-4C99-9E03-51BA72086E22}"
EndProject
Global
	GlobalSection(SolutionConfigurationPlatforms) = preSolution
		Development|x86 = Development|x86
		Power BI Service Prod|x86 = Power BI Service Prod|x86
	EndGlobalSection
	GlobalSection(ProjectConfigurationPlatforms) = postSolution
		{8CE414BB-95B2-4C99-9E03-51BA72086E22}.Development|x86.ActiveCfg = Development|x86
		{8CE414BB-95B2-4C99-9E03-51BA72086E22}.Development|x86.Build.0 = Development|x86
		{8CE414BB-95B2-4C99-9E03-51BA72086E22}.Development|x86.Deploy.0 = Development|x86
		{8CE414BB-95B2-4C99-9E03-51BA72086E22}.Power BI Service Prod|x86.ActiveCfg = Power BI Service Prod|x86
		{8CE414BB-95B2-4C99-9E03-51BA72086E22}.Power BI Service Prod|x86.Build.0 = Power BI Service Prod|x86
		{8CE414BB-95B2-4C99-9E03-51BA72086E22}.Power BI Service Prod|x86.Deploy.0 = Power BI Service Prod|x86
	EndGlobalSection
	GlobalSection(SolutionProperties) = preSolution
		HideSolutionNode = FALSE
	EndGlobalSection
	GlobalSection(ExtensibilityGlobals) = postSolution
		SolutionGuid = {8767C0C2-ECF0-458A-9B1E-D94D22D03C86}
	EndGlobalSection
EndGlobal
